// !$*UTF8*$!
{
	archiveVersion = 1;
	classes = {
	};
	objectVersion = 46;
	objects = {

/* Begin PBXBuildFile section */
		90F2AD291FD7CA18009BB480 /* main.m in Sources */ = {isa = PBXBuildFile; fileRef = 90F2AD281FD7CA18009BB480 /* main.m */; };
		90F2AD2C1FD7CA18009BB480 /* AppDelegate.m in Sources */ = {isa = PBXBuildFile; fileRef = 90F2AD2B1FD7CA18009BB480 /* AppDelegate.m */; };
		90F2AD2F1FD7CA18009BB480 /* ViewController.m in Sources */ = {isa = PBXBuildFile; fileRef = 90F2AD2E1FD7CA18009BB480 /* ViewController.m */; };
		90F2AD321FD7CA18009BB480 /* Main.storyboard in Resources */ = {isa = PBXBuildFile; fileRef = 90F2AD301FD7CA18009BB480 /* Main.storyboard */; };
		90F2AD341FD7CA18009BB480 /* Assets.xcassets in Resources */ = {isa = PBXBuildFile; fileRef = 90F2AD331FD7CA18009BB480 /* Assets.xcassets */; };
		90F2AD371FD7CA18009BB480 /* LaunchScreen.storyboard in Resources */ = {isa = PBXBuildFile; fileRef = 90F2AD351FD7CA18009BB480 /* LaunchScreen.storyboard */; };
		90F2AD421FD7CA18009BB480 /* helloTests.m in Sources */ = {isa = PBXBuildFile; fileRef = 90F2AD411FD7CA18009BB480 /* helloTests.m */; };
		90F2AD4D1FD7CA18009BB480 /* helloUITests.m in Sources */ = {isa = PBXBuildFile; fileRef = 90F2AD4C1FD7CA18009BB480 /* helloUITests.m */; };
/* End PBXBuildFile section */

/* Begin PBXContainerItemProxy section */
		90F2AD3E1FD7CA18009BB480 /* PBXContainerItemProxy */ = {
			isa = PBXContainerItemProxy;
			containerPortal = 90F2AD1C1FD7CA18009BB480 /* Project object */;
			proxyType = 1;
			remoteGlobalIDString = 90F2AD231FD7CA18009BB480;
			remoteInfo = hello;
		};
		90F2AD491FD7CA18009BB480 /* PBXContainerItemProxy */ = {
			isa = PBXContainerItemProxy;
			containerPortal = 90F2AD1C1FD7CA18009BB480 /* Project object */;
			proxyType = 1;
			remoteGlobalIDString = 90F2AD231FD7CA18009BB480;
			remoteInfo = hello;
		};
/* End PBXContainerItemProxy section */

/* Begin PBXFileReference section */
		90F2AD241FD7CA18009BB480 /* hello.app */ = {isa = PBXFileReference; explicitFileType = wrapper.application; includeInIndex = 0; path = hello.app; sourceTree = BUILT_PRODUCTS_DIR; };
		90F2AD281FD7CA18009BB480 /* main.m */ = {isa = PBXFileReference; lastKnownFileType = sourcecode.c.objc; path = main.m; sourceTree = "<group>"; };
		90F2AD2A1FD7CA18009BB480 /* AppDelegate.h */ = {isa = PBXFileReference; lastKnownFileType = sourcecode.c.h; path = AppDelegate.h; sourceTree = "<group>"; };
		90F2AD2B1FD7CA18009BB480 /* AppDelegate.m */ = {isa = PBXFileReference; lastKnownFileType = sourcecode.c.objc; path = AppDelegate.m; sourceTree = "<group>"; };
		90F2AD2D1FD7CA18009BB480 /* ViewController.h */ = {isa = PBXFileReference; lastKnownFileType = sourcecode.c.h; path = ViewController.h; sourceTree = "<group>"; };
		90F2AD2E1FD7CA18009BB480 /* ViewController.m */ = {isa = PBXFileReference; lastKnownFileType = sourcecode.c.objc; path = ViewController.m; sourceTree = "<group>"; };
		90F2AD311FD7CA18009BB480 /* Base */ = {isa = PBXFileReference; lastKnownFileType = file.storyboard; name = Base; path = Base.lproj/Main.storyboard; sourceTree = "<group>"; };
		90F2AD331FD7CA18009BB480 /* Assets.xcassets */ = {isa = PBXFileReference; lastKnownFileType = folder.assetcatalog; path = Assets.xcassets; sourceTree = "<group>"; };
		90F2AD361FD7CA18009BB480 /* Base */ = {isa = PBXFileReference; lastKnownFileType = file.storyboard; name = Base; path = Base.lproj/LaunchScreen.storyboard; sourceTree = "<group>"; };
		90F2AD381FD7CA18009BB480 /* Info.plist */ = {isa = PBXFileReference; lastKnownFileType = text.plist.xml; path = Info.plist; sourceTree = "<group>"; };
		90F2AD3D1FD7CA18009BB480 /* helloTests.xctest */ = {isa = PBXFileReference; explicitFileType = wrapper.cfbundle; includeInIndex = 0; path = helloTests.xctest; sourceTree = BUILT_PRODUCTS_DIR; };
		90F2AD411FD7CA18009BB480 /* helloTests.m */ = {isa = PBXFileReference; lastKnownFileType = sourcecode.c.objc; path = helloTests.m; sourceTree = "<group>"; };
		90F2AD431FD7CA18009BB480 /* Info.plist */ = {isa = PBXFileReference; lastKnownFileType = text.plist.xml; path = Info.plist; sourceTree = "<group>"; };
		90F2AD481FD7CA18009BB480 /* helloUITests.xctest */ = {isa = PBXFileReference; explicitFileType = wrapper.cfbundle; includeInIndex = 0; path = helloUITests.xctest; sourceTree = BUILT_PRODUCTS_DIR; };
		90F2AD4C1FD7CA18009BB480 /* helloUITests.m */ = {isa = PBXFileReference; lastKnownFileType = sourcecode.c.objc; path = helloUITests.m; sourceTree = "<group>"; };
		90F2AD4E1FD7CA18009BB480 /* Info.plist */ = {isa = PBXFileReference; lastKnownFileType = text.plist.xml; path = Info.plist; sourceTree = "<group>"; };
/* End PBXFileReference section */

/* Begin PBXFrameworksBuildPhase section */
		90F2AD211FD7CA18009BB480 /* Frameworks */ = {
			isa = PBXFrameworksBuildPhase;
			buildActionMask = 2147483647;
			files = (
			);
			runOnlyForDeploymentPostprocessing = 0;
		};
		90F2AD3A1FD7CA18009BB480 /* Frameworks */ = {
			isa = PBXFrameworksBuildPhase;
			buildActionMask = 2147483647;
			files = (
			);
			runOnlyForDeploymentPostprocessing = 0;
		};
		90F2AD451FD7CA18009BB480 /* Frameworks */ = {
			isa = PBXFrameworksBuildPhase;
			buildActionMask = 2147483647;
			files = (
			);
			runOnlyForDeploymentPostprocessing = 0;
		};
/* End PBXFrameworksBuildPhase section */

/* Begin PBXGroup section */
		90F2AD1B1FD7CA18009BB480 = {
			isa = PBXGroup;
			children = (
				90F2AD261FD7CA18009BB480 /* hello */,
				90F2AD401FD7CA18009BB480 /* helloTests */,
				90F2AD4B1FD7CA18009BB480 /* helloUITests */,
				90F2AD251FD7CA18009BB480 /* Products */,
			);
			sourceTree = "<group>";
		};
		90F2AD251FD7CA18009BB480 /* Products */ = {
			isa = PBXGroup;
			children = (
				90F2AD241FD7CA18009BB480 /* hello.app */,
				90F2AD3D1FD7CA18009BB480 /* helloTests.xctest */,
				90F2AD481FD7CA18009BB480 /* helloUITests.xctest */,
			);
			name = Products;
			sourceTree = "<group>";
		};
		90F2AD261FD7CA18009BB480 /* hello */ = {
			isa = PBXGroup;
			children = (
				90F2AD2A1FD7CA18009BB480 /* AppDelegate.h */,
				90F2AD2B1FD7CA18009BB480 /* AppDelegate.m */,
				90F2AD2D1FD7CA18009BB480 /* ViewController.h */,
				90F2AD2E1FD7CA18009BB480 /* ViewController.m */,
				90F2AD301FD7CA18009BB480 /* Main.storyboard */,
				90F2AD331FD7CA18009BB480 /* Assets.xcassets */,
				90F2AD351FD7CA18009BB480 /* LaunchScreen.storyboard */,
				90F2AD381FD7CA18009BB480 /* Info.plist */,
				90F2AD271FD7CA18009BB480 /* Supporting Files */,
			);
			path = hello;
			sourceTree = "<group>";
		};
		90F2AD271FD7CA18009BB480 /* Supporting Files */ = {
			isa = PBXGroup;
			children = (
				90F2AD281FD7CA18009BB480 /* main.m */,
			);
			name = "Supporting Files";
			sourceTree = "<group>";
		};
		90F2AD401FD7CA18009BB480 /* helloTests */ = {
			isa = PBXGroup;
			children = (
				90F2AD411FD7CA18009BB480 /* helloTests.m */,
				90F2AD431FD7CA18009BB480 /* Info.plist */,
			);
			path = helloTests;
			sourceTree = "<group>";
		};
		90F2AD4B1FD7CA18009BB480 /* helloUITests */ = {
			isa = PBXGroup;
			children = (
				90F2AD4C1FD7CA18009BB480 /* helloUITests.m */,
				90F2AD4E1FD7CA18009BB480 /* Info.plist */,
			);
			path = helloUITests;
			sourceTree = "<group>";
		};
/* End PBXGroup section */

/* Begin PBXNativeTarget section */
		90F2AD231FD7CA18009BB480 /* hello */ = {
			isa = PBXNativeTarget;
			buildConfigurationList = 90F2AD511FD7CA18009BB480 /* Build configuration list for PBXNativeTarget "hello" */;
			buildPhases = (
				90F2AD201FD7CA18009BB480 /* Sources */,
				90F2AD211FD7CA18009BB480 /* Frameworks */,
				90F2AD221FD7CA18009BB480 /* Resources */,
			);
			buildRules = (
			);
			dependencies = (
			);
			name = hello;
			productName = hello;
			productReference = 90F2AD241FD7CA18009BB480 /* hello.app */;
			productType = "com.apple.product-type.application";
		};
		90F2AD3C1FD7CA18009BB480 /* helloTests */ = {
			isa = PBXNativeTarget;
			buildConfigurationList = 90F2AD541FD7CA18009BB480 /* Build configuration list for PBXNativeTarget "helloTests" */;
			buildPhases = (
				90F2AD391FD7CA18009BB480 /* Sources */,
				90F2AD3A1FD7CA18009BB480 /* Frameworks */,
				90F2AD3B1FD7CA18009BB480 /* Resources */,
			);
			buildRules = (
			);
			dependencies = (
				90F2AD3F1FD7CA18009BB480 /* PBXTargetDependency */,
			);
			name = helloTests;
			productName = helloTests;
			productReference = 90F2AD3D1FD7CA18009BB480 /* helloTests.xctest */;
			productType = "com.apple.product-type.bundle.unit-test";
		};
		90F2AD471FD7CA18009BB480 /* helloUITests */ = {
			isa = PBXNativeTarget;
			buildConfigurationList = 90F2AD571FD7CA18009BB480 /* Build configuration list for PBXNativeTarget "helloUITests" */;
			buildPhases = (
				90F2AD441FD7CA18009BB480 /* Sources */,
				90F2AD451FD7CA18009BB480 /* Frameworks */,
				90F2AD461FD7CA18009BB480 /* Resources */,
			);
			buildRules = (
			);
			dependencies = (
				90F2AD4A1FD7CA18009BB480 /* PBXTargetDependency */,
			);
			name = helloUITests;
			productName = helloUITests;
			productReference = 90F2AD481FD7CA18009BB480 /* helloUITests.xctest */;
			productType = "com.apple.product-type.bundle.ui-testing";
		};
/* End PBXNativeTarget section */

/* Begin PBXProject section */
		90F2AD1C1FD7CA18009BB480 /* Project object */ = {
			isa = PBXProject;
			attributes = {
				LastUpgradeCheck = 0830;
				ORGANIZATIONNAME = "renren-mac";
				TargetAttributes = {
					90F2AD231FD7CA18009BB480 = {
						CreatedOnToolsVersion = 8.3.3;
						DevelopmentTeam = 53ZXSVJ54B;
						ProvisioningStyle = Automatic;
					};
					90F2AD3C1FD7CA18009BB480 = {
						CreatedOnToolsVersion = 8.3.3;
						ProvisioningStyle = Automatic;
						TestTargetID = 90F2AD231FD7CA18009BB480;
					};
					90F2AD471FD7CA18009BB480 = {
						CreatedOnToolsVersion = 8.3.3;
						ProvisioningStyle = Automatic;
						TestTargetID = 90F2AD231FD7CA18009BB480;
					};
				};
			};
			buildConfigurationList = 90F2AD1F1FD7CA18009BB480 /* Build configuration list for PBXProject "hello" */;
			compatibilityVersion = "Xcode 3.2";
			developmentRegion = English;
			hasScannedForEncodings = 0;
			knownRegions = (
				en,
				Base,
			);
			mainGroup = 90F2AD1B1FD7CA18009BB480;
			productRefGroup = 90F2AD251FD7CA18009BB480 /* Products */;
			projectDirPath = "";
			projectRoot = "";
			targets = (
				90F2AD231FD7CA18009BB480 /* hello */,
				90F2AD3C1FD7CA18009BB480 /* helloTests */,
				90F2AD471FD7CA18009BB480 /* helloUITests */,
			);
		};
/* End PBXProject section */

/* Begin PBXResourcesBuildPhase section */
		90F2AD221FD7CA18009BB480 /* Resources */ = {
			isa = PBXResourcesBuildPhase;
			buildActionMask = 2147483647;
			files = (
				90F2AD371FD7CA18009BB480 /* LaunchScreen.storyboard in Resources */,
				90F2AD341FD7CA18009BB480 /* Assets.xcassets in Resources */,
				90F2AD321FD7CA18009BB480 /* Main.storyboard in Resources */,
			);
			runOnlyForDeploymentPostprocessing = 0;
		};
		90F2AD3B1FD7CA18009BB480 /* Resources */ = {
			isa = PBXResourcesBuildPhase;
			buildActionMask = 2147483647;
			files = (
			);
			runOnlyForDeploymentPostprocessing = 0;
		};
		90F2AD461FD7CA18009BB480 /* Resources */ = {
			isa = PBXResourcesBuildPhase;
			buildActionMask = 2147483647;
			files = (
			);
			runOnlyForDeploymentPostprocessing = 0;
		};
/* End PBXResourcesBuildPhase section */

/* Begin PBXSourcesBuildPhase section */
		90F2AD201FD7CA18009BB480 /* Sources */ = {
			isa = PBXSourcesBuildPhase;
			buildActionMask = 2147483647;
			files = (
				90F2AD2F1FD7CA18009BB480 /* ViewController.m in Sources */,
				90F2AD2C1FD7CA18009BB480 /* AppDelegate.m in Sources */,
				90F2AD291FD7CA18009BB480 /* main.m in Sources */,
			);
			runOnlyForDeploymentPostprocessing = 0;
		};
		90F2AD391FD7CA18009BB480 /* Sources */ = {
			isa = PBXSourcesBuildPhase;
			buildActionMask = 2147483647;
			files = (
				90F2AD421FD7CA18009BB480 /* helloTests.m in Sources */,
			);
			runOnlyForDeploymentPostprocessing = 0;
		};
		90F2AD441FD7CA18009BB480 /* Sources */ = {
			isa = PBXSourcesBuildPhase;
			buildActionMask = 2147483647;
			files = (
				90F2AD4D1FD7CA18009BB480 /* helloUITests.m in Sources */,
			);
			runOnlyForDeploymentPostprocessing = 0;
		};
/* End PBXSourcesBuildPhase section */

/* Begin PBXTargetDependency section */
		90F2AD3F1FD7CA18009BB480 /* PBXTargetDependency */ = {
			isa = PBXTargetDependency;
			target = 90F2AD231FD7CA18009BB480 /* hello */;
			targetProxy = 90F2AD3E1FD7CA18009BB480 /* PBXContainerItemProxy */;
		};
		90F2AD4A1FD7CA18009BB480 /* PBXTargetDependency */ = {
			isa = PBXTargetDependency;
			target = 90F2AD231FD7CA18009BB480 /* hello */;
			targetProxy = 90F2AD491FD7CA18009BB480 /* PBXContainerItemProxy */;
		};
/* End PBXTargetDependency section */

/* Begin PBXVariantGroup section */
		90F2AD301FD7CA18009BB480 /* Main.storyboard */ = {
			isa = PBXVariantGroup;
			children = (
				90F2AD311FD7CA18009BB480 /* Base */,
			);
			name = Main.storyboard;
			sourceTree = "<group>";
		};
		90F2AD351FD7CA18009BB480 /* LaunchScreen.storyboard */ = {
			isa = PBXVariantGroup;
			children = (
				90F2AD361FD7CA18009BB480 /* Base */,
			);
			name = LaunchScreen.storyboard;
			sourceTree = "<group>";
		};
/* End PBXVariantGroup section */

/* Begin XCBuildConfiguration section */
		90F2AD4F1FD7CA18009BB480 /* Debug */ = {
			isa = XCBuildConfiguration;
			buildSettings = {
				ALWAYS_SEARCH_USER_PATHS = NO;
				CLANG_ANALYZER_NONNULL = YES;
				CLANG_ANALYZER_NUMBER_OBJECT_CONVERSION = YES_AGGRESSIVE;
				CLANG_CXX_LANGUAGE_STANDARD = "gnu++0x";
				CLANG_CXX_LIBRARY = "libc++";
				CLANG_ENABLE_MODULES = YES;
				CLANG_ENABLE_OBJC_ARC = YES;
				CLANG_WARN_BOOL_CONVERSION = YES;
				CLANG_WARN_CONSTANT_CONVERSION = YES;
				CLANG_WARN_DIRECT_OBJC_ISA_USAGE = YES_ERROR;
				CLANG_WARN_DOCUMENTATION_COMMENTS = YES;
				CLANG_WARN_EMPTY_BODY = YES;
				CLANG_WARN_ENUM_CONVERSION = YES;
				CLANG_WARN_INFINITE_RECURSION = YES;
				CLANG_WARN_INT_CONVERSION = YES;
				CLANG_WARN_OBJC_ROOT_CLASS = YES_ERROR;
				CLANG_WARN_SUSPICIOUS_MOVE = YES;
				CLANG_WARN_UNREACHABLE_CODE = YES;
				CLANG_WARN__DUPLICATE_METHOD_MATCH = YES;
				"CODE_SIGN_IDENTITY[sdk=iphoneos*]" = "iPhone Developer";
				COPY_PHASE_STRIP = NO;
				DEBUG_INFORMATION_FORMAT = dwarf;
				ENABLE_STRICT_OBJC_MSGSEND = YES;
				ENABLE_TESTABILITY = YES;
				GCC_C_LANGUAGE_STANDARD = gnu99;
				GCC_DYNAMIC_NO_PIC = NO;
				GCC_NO_COMMON_BLOCKS = YES;
				GCC_OPTIMIZATION_LEVEL = 0;
				GCC_PREPROCESSOR_DEFINITIONS = (
					"DEBUG=1",
					"$(inherited)",
				);
				GCC_WARN_64_TO_32_BIT_CONVERSION = YES;
				GCC_WARN_ABOUT_RETURN_TYPE = YES_ERROR;
				GCC_WARN_UNDECLARED_SELECTOR = YES;
				GCC_WARN_UNINITIALIZED_AUTOS = YES_AGGRESSIVE;
				GCC_WARN_UNUSED_FUNCTION = YES;
				GCC_WARN_UNUSED_VARIABLE = YES;
				IPHONEOS_DEPLOYMENT_TARGET = 10.3;
				MTL_ENABLE_DEBUG_INFO = YES;
				ONLY_ACTIVE_ARCH = YES;
				SDKROOT = iphoneos;
				TARGETED_DEVICE_FAMILY = "1,2";
			};
			name = Debug;
		};
		90F2AD501FD7CA18009BB480 /* Release */ = {
			isa = XCBuildConfiguration;
			buildSettings = {
				ALWAYS_SEARCH_USER_PATHS = NO;
				CLANG_ANALYZER_NONNULL = YES;
				CLANG_ANALYZER_NUMBER_OBJECT_CONVERSION = YES_AGGRESSIVE;
				CLANG_CXX_LANGUAGE_STANDARD = "gnu++0x";
				CLANG_CXX_LIBRARY = "libc++";
				CLANG_ENABLE_MODULES = YES;
				CLANG_ENABLE_OBJC_ARC = YES;
				CLANG_WARN_BOOL_CONVERSION = YES;
				CLANG_WARN_CONSTANT_CONVERSION = YES;
				CLANG_WARN_DIRECT_OBJC_ISA_USAGE = YES_ERROR;
				CLANG_WARN_DOCUMENTATION_COMMENTS = YES;
				CLANG_WARN_EMPTY_BODY = YES;
				CLANG_WARN_ENUM_CONVERSION = YES;
				CLANG_WARN_INFINITE_RECURSION = YES;
				CLANG_WARN_INT_CONVERSION = YES;
				CLANG_WARN_OBJC_ROOT_CLASS = YES_ERROR;
				CLANG_WARN_SUSPICIOUS_MOVE = YES;
				CLANG_WARN_UNREACHABLE_CODE = YES;
				CLANG_WARN__DUPLICATE_METHOD_MATCH = YES;
				"CODE_SIGN_IDENTITY[sdk=iphoneos*]" = "iPhone Developer";
				COPY_PHASE_STRIP = NO;
				DEBUG_INFORMATION_FORMAT = "dwarf-with-dsym";
				ENABLE_NS_ASSERTIONS = NO;
				ENABLE_STRICT_OBJC_MSGSEND = YES;
				GCC_C_LANGUAGE_STANDARD = gnu99;
				GCC_NO_COMMON_BLOCKS = YES;
				GCC_WARN_64_TO_32_BIT_CONVERSION = YES;
				GCC_WARN_ABOUT_RETURN_TYPE = YES_ERROR;
				GCC_WARN_UNDECLARED_SELECTOR = YES;
				GCC_WARN_UNINITIALIZED_AUTOS = YES_AGGRESSIVE;
				GCC_WARN_UNUSED_FUNCTION = YES;
				GCC_WARN_UNUSED_VARIABLE = YES;
				IPHONEOS_DEPLOYMENT_TARGET = 10.3;
				MTL_ENABLE_DEBUG_INFO = NO;
				SDKROOT = iphoneos;
				TARGETED_DEVICE_FAMILY = "1,2";
				VALIDATE_PRODUCT = YES;
			};
			name = Release;
		};
		90F2AD521FD7CA18009BB480 /* Debug */ = {
			isa = XCBuildConfiguration;
			buildSettings = {
				ASSETCATALOG_COMPILER_APPICON_NAME = AppIcon;
				DEVELOPMENT_TEAM = 53ZXSVJ54B;
				INFOPLIST_FILE = hello/Info.plist;
				LD_RUNPATH_SEARCH_PATHS = "$(inherited) @executable_path/Frameworks";
				PRODUCT_BUNDLE_IDENTIFIER = com.no.hello;
				PRODUCT_NAME = "$(TARGET_NAME)";
			};
			name = Debug;
		};
		90F2AD531FD7CA18009BB480 /* Release */ = {
			isa = XCBuildConfiguration;
			buildSettings = {
				ASSETCATALOG_COMPILER_APPICON_NAME = AppIcon;
				DEVELOPMENT_TEAM = 53ZXSVJ54B;
				INFOPLIST_FILE = hello/Info.plist;
				LD_RUNPATH_SEARCH_PATHS = "$(inherited) @executable_path/Frameworks";
				PRODUCT_BUNDLE_IDENTIFIER = com.no.hello;
				PRODUCT_NAME = "$(TARGET_NAME)";
			};
			name = Release;
		};
		90F2AD551FD7CA18009BB480 /* Debug */ = {
			isa = XCBuildConfiguration;
			buildSettings = {
				BUNDLE_LOADER = "$(TEST_HOST)";
				INFOPLIST_FILE = helloTests/Info.plist;
				LD_RUNPATH_SEARCH_PATHS = "$(inherited) @executable_path/Frameworks @loader_path/Frameworks";
				PRODUCT_BUNDLE_IDENTIFIER = com.no.helloTests;
				PRODUCT_NAME = "$(TARGET_NAME)";
				TEST_HOST = "$(BUILT_PRODUCTS_DIR)/hello.app/hello";
			};
			name = Debug;
		};
		90F2AD561FD7CA18009BB480 /* Release */ = {
			isa = XCBuildConfiguration;
			buildSettings = {
				BUNDLE_LOADER = "$(TEST_HOST)";
				INFOPLIST_FILE = helloTests/Info.plist;
				LD_RUNPATH_SEARCH_PATHS = "$(inherited) @executable_path/Frameworks @loader_path/Frameworks";
				PRODUCT_BUNDLE_IDENTIFIER = com.no.helloTests;
				PRODUCT_NAME = "$(TARGET_NAME)";
				TEST_HOST = "$(BUILT_PRODUCTS_DIR)/hello.app/hello";
			};
			name = Release;
		};
		90F2AD581FD7CA18009BB480 /* Debug */ = {
			isa = XCBuildConfiguration;
			buildSettings = {
				INFOPLIST_FILE = helloUITests/Info.plist;
				LD_RUNPATH_SEARCH_PATHS = "$(inherited) @executable_path/Frameworks @loader_path/Frameworks";
				PRODUCT_BUNDLE_IDENTIFIER = com.no.helloUITests;
				PRODUCT_NAME = "$(TARGET_NAME)";
				TEST_TARGET_NAME = hello;
			};
			name = Debug;
		};
		90F2AD591FD7CA18009BB480 /* Release */ = {
			isa = XCBuildConfiguration;
			buildSettings = {
				INFOPLIST_FILE = helloUITests/Info.plist;
				LD_RUNPATH_SEARCH_PATHS = "$(inherited) @executable_path/Frameworks @loader_path/Frameworks";
				PRODUCT_BUNDLE_IDENTIFIER = com.no.helloUITests;
				PRODUCT_NAME = "$(TARGET_NAME)";
				TEST_TARGET_NAME = hello;
			};
			name = Release;
		};
/* End XCBuildConfiguration section */

/* Begin XCConfigurationList section */
		90F2AD1F1FD7CA18009BB480 /* Build configuration list for PBXProject "hello" */ = {
			isa = XCConfigurationList;
			buildConfigurations = (
				90F2AD4F1FD7CA18009BB480 /* Debug */,
				90F2AD501FD7CA18009BB480 /* Release */,
			);
			defaultConfigurationIsVisible = 0;
			defaultConfigurationName = Release;
		};
		90F2AD511FD7CA18009BB480 /* Build configuration list for PBXNativeTarget "hello" */ = {
			isa = XCConfigurationList;
			buildConfigurations = (
				90F2AD521FD7CA18009BB480 /* Debug */,
				90F2AD531FD7CA18009BB480 /* Release */,
			);
			defaultConfigurationIsVisible = 0;
		};
		90F2AD541FD7CA18009BB480 /* Build configuration list for PBXNativeTarget "helloTests" */ = {
			isa = XCConfigurationList;
			buildConfigurations = (
				90F2AD551FD7CA18009BB480 /* Debug */,
				90F2AD561FD7CA18009BB480 /* Release */,
			);
			defaultConfigurationIsVisible = 0;
		};
		90F2AD571FD7CA18009BB480 /* Build configuration list for PBXNativeTarget "helloUITests" */ = {
			isa = XCConfigurationList;
			buildConfigurations = (
				90F2AD581FD7CA18009BB480 /* Debug */,
				90F2AD591FD7CA18009BB480 /* Release */,
			);
			defaultConfigurationIsVisible = 0;
		};
/* End XCConfigurationList section */
	};
	rootObject = 90F2AD1C1FD7CA18009BB480 /* Project object */;
}
